
Microsoft Visual Studio Solution File, Format Version 12.00
# Visual Studio Version 17
VisualStudioVersion = 17.11.35222.181
MinimumVisualStudioVersion = 10.0.40219.1
Project("{FAE04EC0-301F-11D3-BF4B-00C04F79EFBC}") = "Cinctruct.MvcUi", "Cinctruct.MvcUi\Cinctruct.MvcUi.csproj", "{C5083D53-29BA-45A4-89A7-00CAD9005DB2}"
EndProject
Global
	GlobalSection(SolutionConfigurationPlatforms) = preSolution
		Debug|Any CPU = Debug|Any CPU
		Release|Any CPU = Release|Any CPU
	EndGlobalSection
	GlobalSection(ProjectConfigurationPlatforms) = postSolution
		{C5083D53-29BA-45A4-89A7-00CAD9005DB2}.Debug|Any CPU.ActiveCfg = Debug|Any CPU
		{C5083D53-29BA-45A4-89A7-00CAD9005DB2}.Debug|Any CPU.Build.0 = Debug|Any CPU
		{C5083D53-29BA-45A4-89A7-00CAD9005DB2}.Release|Any CPU.ActiveCfg = Release|Any CPU
		{C5083D53-29BA-45A4-89A7-00CAD9005DB2}.Release|Any CPU.Build.0 = Release|Any CPU
	EndGlobalSection
	GlobalSection(SolutionProperties) = preSolution
		HideSolutionNode = FALSE
	EndGlobalSection
	GlobalSection(ExtensibilityGlobals) = postSolution
		SolutionGuid = {F0BBA1C8-3B21-452F-A445-F486BF0BF4A2}
	EndGlobalSection
EndGlobal
